
Microsoft Visual Studio Solution File, Format Version 10.00
# Visual Studio 2008
Project("{FAE04EC0-301F-11D3-BF4B-00C04F79EFBC}") = "WindowsFormsApplication12", "WindowsFormsApplication12\WindowsFormsApplication12.csproj", "{AF802963-0E27-4902-BA13-62B15665EC61}"
EndProject
Global
	GlobalSection(SolutionConfigurationPlatforms) = preSolution
		Debug|Any CPU = Debug|Any CPU
		Release|Any CPU = Release|Any CPU
	EndGlobalSection
	GlobalSection(ProjectConfigurationPlatforms) = postSolution
		{AF802963-0E27-4902-BA13-62B15665EC61}.Debug|Any CPU.ActiveCfg = Debug|Any CPU
		{AF802963-0E27-4902-BA13-62B15665EC61}.Debug|Any CPU.Build.0 = Debug|Any CPU
		{AF802963-0E27-4902-BA13-62B15665EC61}.Release|Any CPU.ActiveCfg = Release|Any CPU
		{AF802963-0E27-4902-BA13-62B15665EC61}.Release|Any CPU.Build.0 = Release|Any CPU
	EndGlobalSection
	GlobalSection(SolutionProperties) = preSolution
		HideSolutionNode = FALSE
	EndGlobalSection
EndGlobal
